// !$*UTF8*$!
{
	archiveVersion = 1;
	classes = {
	};
	objectVersion = 77;
	objects = {

/* Begin PBXContainerItemProxy section */
		7979CBC52FFA525200EA0CD5 /* PBXContainerItemProxy */ = {
			isa = PBXContainerItemProxy;
			containerPortal = 7979CBAF2FFA525000EA0CD5 /* Project object */;
			proxyType = 1;
			remoteGlobalIDString = 7979CBB62FFA525000EA0CD5;
			remoteInfo = WaveScope;
		};
		7979CBCF2FFA525200EA0CD5 /* PBXContainerItemProxy */ = {
			isa = PBXContainerItemProxy;
			containerPortal = 7979CBAF2FFA525000EA0CD5 /* Project object */;
			proxyType = 1;
			remoteGlobalIDString = 7979CBB62FFA525000EA0CD5;
			remoteInfo = WaveScope;
		};
/* End PBXContainerItemProxy section */

/* Begin PBXFileReference section */
		7979CBB72FFA525000EA0CD5 /* WaveScope.app */ = {isa = PBXFileReference; explicitFileType = wrapper.application; includeInIndex = 0; path = WaveScope.app; sourceTree = BUILT_PRODUCTS_DIR; };
		7979CBC42FFA525200EA0CD5 /* WaveScopeTests.xctest */ = {isa = PBXFileReference; explicitFileType = wrapper.cfbundle; includeInIndex = 0; path = WaveScopeTests.xctest; sourceTree = BUILT_PRODUCTS_DIR; };
		7979CBCE2FFA525200EA0CD5 /* WaveScopeUITests.xctest */ = {isa = PBXFileReference; explicitFileType = wrapper.cfbundle; includeInIndex = 0; path = WaveScopeUITests.xctest; sourceTree = BUILT_PRODUCTS_DIR; };
/* End PBXFileReference section */

/* Begin PBXFileSystemSynchronizedRootGroup section */
		7979CBB92FFA525000EA0CD5 /* WaveScope */ = {
			isa = PBXFileSystemSynchronizedRootGroup;
			path = WaveScope;
			sourceTree = "<group>";
		};
		7979CBC72FFA525200EA0CD5 /* WaveScopeTests */ = {
			isa = PBXFileSystemSynchronizedRootGroup;
			path = WaveScopeTests;
			sourceTree = "<group>";
		};
		7979CBD12FFA525200EA0CD5 /* WaveScopeUITests */ = {
			isa = PBXFileSystemSynchronizedRootGroup;
			path = WaveScopeUITests;
			sourceTree = "<group>";
		};
/* End PBXFileSystemSynchronizedRootGroup section */

/* Begin PBXFrameworksBuildPhase section */
		7979CBB42FFA525000EA0CD5 /* Frameworks */ = {
			isa = PBXFrameworksBuildPhase;
			buildActionMask = 2147483647;
			files = (
			);
			runOnlyForDeploymentPostprocessing = 0;
		};
		7979CBC12FFA525200EA0CD5 /* Frameworks */ = {
			isa = PBXFrameworksBuildPhase;
			buildActionMask = 2147483647;
			files = (
			);
			runOnlyForDeploymentPostprocessing = 0;
		};
		7979CBCB2FFA525200EA0CD5 /* Frameworks */ = {
			isa = PBXFrameworksBuildPhase;
			buildActionMask = 2147483647;
			files = (
			);
			runOnlyForDeploymentPostprocessing = 0;
		};
/* End PBXFrameworksBuildPhase section */

/* Begin PBXGroup section */
		7979CBAE2FFA525000EA0CD5 = {
			isa = PBXGroup;
			children = (
				7979CBB92FFA525000EA0CD5 /* WaveScope */,
				7979CBC72FFA525200EA0CD5 /* WaveScopeTests */,
				7979CBD12FFA525200EA0CD5 /* WaveScopeUITests */,
				7979CBB82FFA525000EA0CD5 /* Products */,
			);
			sourceTree = "<group>";
		};
		7979CBB82FFA525000EA0CD5 /* Products */ = {
			isa = PBXGroup;
			children = (
				7979CBB72FFA525000EA0CD5 /* WaveScope.app */,
				7979CBC42FFA525200EA0CD5 /* WaveScopeTests.xctest */,
				7979CBCE2FFA525200EA0CD5 /* WaveScopeUITests.xctest */,
			);
			name = Products;
			sourceTree = "<group>";
		};
/* End PBXGroup section */

/* Begin PBXNativeTarget section */
		7979CBB62FFA525000EA0CD5 /* WaveScope */ = {
			isa = PBXNativeTarget;
			buildConfigurationList = 7979CBD82FFA525200EA0CD5 /* Build configuration list for PBXNativeTarget "WaveScope" */;
			buildPhases = (
				7979CBB32FFA525000EA0CD5 /* Sources */,
				7979CBB42FFA525000EA0CD5 /* Frameworks */,
				7979CBB52FFA525000EA0CD5 /* Resources */,
			);
			buildRules = (
			);
			dependencies = (
			);
			fileSystemSynchronizedGroups = (
				7979CBB92FFA525000EA0CD5 /* WaveScope */,
			);
			name = WaveScope;
			packageProductDependencies = (
			);
			productName = WaveScope;
			productReference = 7979CBB72FFA525000EA0CD5 /* WaveScope.app */;
			productType = "com.apple.product-type.application";
		};
		7979CBC32FFA525200EA0CD5 /* WaveScopeTests */ = {
			isa = PBXNativeTarget;
			buildConfigurationList = 7979CBDB2FFA525200EA0CD5 /* Build configuration list for PBXNativeTarget "WaveScopeTests" */;
			buildPhases = (
				7979CBC02FFA525200EA0CD5 /* Sources */,
				7979CBC12FFA525200EA0CD5 /* Frameworks */,
				7979CBC22FFA525200EA0CD5 /* Resources */,
			);
			buildRules = (
			);
			dependencies = (
				7979CBC62FFA525200EA0CD5 /* PBXTargetDependency */,
			);
			fileSystemSynchronizedGroups = (
				7979CBC72FFA525200EA0CD5 /* WaveScopeTests */,
			);
			name = WaveScopeTests;
			packageProductDependencies = (
			);
			productName = WaveScopeTests;
			productReference = 7979CBC42FFA525200EA0CD5 /* WaveScopeTests.xctest */;
			productType = "com.apple.product-type.bundle.unit-test";
		};
		7979CBCD2FFA525200EA0CD5 /* WaveScopeUITests */ = {
			isa = PBXNativeTarget;
			buildConfigurationList = 7979CBDE2FFA525200EA0CD5 /* Build configuration list for PBXNativeTarget "WaveScopeUITests" */;
			buildPhases = (
				7979CBCA2FFA525200EA0CD5 /* Sources */,
				7979CBCB2FFA525200EA0CD5 /* Frameworks */,
				7979CBCC2FFA525200EA0CD5 /* Resources */,
			);
			buildRules = (
			);
			dependencies = (
				7979CBD02FFA525200EA0CD5 /* PBXTargetDependency */,
			);
			fileSystemSynchronizedGroups = (
				7979CBD12FFA525200EA0CD5 /* WaveScopeUITests */,
			);
			name = WaveScopeUITests;
			packageProductDependencies = (
			);
			productName = WaveScopeUITests;
			productReference = 7979CBCE2FFA525200EA0CD5 /* WaveScopeUITests.xctest */;
			productType = "com.apple.product-type.bundle.ui-testing";
		};
/* End PBXNativeTarget section */

/* Begin PBXProject section */
		7979CBAF2FFA525000EA0CD5 /* Project object */ = {
			isa = PBXProject;
			attributes = {
				BuildIndependentTargetsInParallel = 1;
				LastSwiftUpdateCheck = 2660;
				LastUpgradeCheck = 2660;
				TargetAttributes = {
					7979CBB62FFA525000EA0CD5 = {
						CreatedOnToolsVersion = 26.6;
					};
					7979CBC32FFA525200EA0CD5 = {
						CreatedOnToolsVersion = 26.6;
						TestTargetID = 7979CBB62FFA525000EA0CD5;
					};
					7979CBCD2FFA525200EA0CD5 = {
						CreatedOnToolsVersion = 26.6;
						TestTargetID = 7979CBB62FFA525000EA0CD5;
					};
				};
			};
			buildConfigurationList = 7979CBB22FFA525000EA0CD5 /* Build configuration list for PBXProject "WaveScope" */;
			developmentRegion = en;
			hasScannedForEncodings = 0;
			knownRegions = (
				en,
				ja,
				Base,
			);
			mainGroup = 7979CBAE2FFA525000EA0CD5;
			minimizedProjectReferenceProxies = 1;
			preferredProjectObjectVersion = 77;
			productRefGroup = 7979CBB82FFA525000EA0CD5 /* Products */;
			projectDirPath = "";
			projectRoot = "";
			targets = (
				7979CBB62FFA525000EA0CD5 /* WaveScope */,
				7979CBC32FFA525200EA0CD5 /* WaveScopeTests */,
				7979CBCD2FFA525200EA0CD5 /* WaveScopeUITests */,
			);
		};
/* End PBXProject section */

/* Begin PBXResourcesBuildPhase section */
		7979CBB52FFA525000EA0CD5 /* Resources */ = {
			isa = PBXResourcesBuildPhase;
			buildActionMask = 2147483647;
			files = (
			);
			runOnlyForDeploymentPostprocessing = 0;
		};
		7979CBC22FFA525200EA0CD5 /* Resources */ = {
			isa = PBXResourcesBuildPhase;
			buildActionMask = 2147483647;
			files = (
			);
			runOnlyForDeploymentPostprocessing = 0;
		};
		7979CBCC2FFA525200EA0CD5 /* Resources */ = {
			isa = PBXResourcesBuildPhase;
			buildActionMask = 2147483647;
			files = (
			);
			runOnlyForDeploymentPostprocessing = 0;
		};
/* End PBXResourcesBuildPhase section */

/* Begin PBXSourcesBuildPhase section */
		7979CBB32FFA525000EA0CD5 /* Sources */ = {
			isa = PBXSourcesBuildPhase;
			buildActionMask = 2147483647;
			files = (
			);
			runOnlyForDeploymentPostprocessing = 0;
		};
		7979CBC02FFA525200EA0CD5 /* Sources */ = {
			isa = PBXSourcesBuildPhase;
			buildActionMask = 2147483647;
			files = (
			);
			runOnlyForDeploymentPostprocessing = 0;
		};
		7979CBCA2FFA525200EA0CD5 /* Sources */ = {
			isa = PBXSourcesBuildPhase;
			buildActionMask = 2147483647;
			files = (
			);
			runOnlyForDeploymentPostprocessing = 0;
		};
/* End PBXSourcesBuildPhase section */

/* Begin PBXTargetDependency section */
		7979CBC62FFA525200EA0CD5 /* PBXTargetDependency */ = {
			isa = PBXTargetDependency;
			target = 7979CBB62FFA525000EA0CD5 /* WaveScope */;
			targetProxy = 7979CBC52FFA525200EA0CD5 /* PBXContainerItemProxy */;
		};
		7979CBD02FFA525200EA0CD5 /* PBXTargetDependency */ = {
			isa = PBXTargetDependency;
			target = 7979CBB62FFA525000EA0CD5 /* WaveScope */;
			targetProxy = 7979CBCF2FFA525200EA0CD5 /* PBXContainerItemProxy */;
		};
/* End PBXTargetDependency section */

/* Begin XCBuildConfiguration section */
		7979CBD62FFA525200EA0CD5 /* Debug */ = {
			isa = XCBuildConfiguration;
			buildSettings = {
				ALWAYS_SEARCH_USER_PATHS = NO;
				ASSETCATALOG_COMPILER_GENERATE_SWIFT_ASSET_SYMBOL_EXTENSIONS = YES;
				CLANG_ANALYZER_NONNULL = YES;
				CLANG_ANALYZER_NUMBER_OBJECT_CONVERSION = YES_AGGRESSIVE;
				CLANG_CXX_LANGUAGE_STANDARD = "gnu++20";
				CLANG_ENABLE_MODULES = YES;
				CLANG_ENABLE_OBJC_ARC = YES;
				CLANG_ENABLE_OBJC_WEAK = YES;
				CLANG_WARN_BLOCK_CAPTURE_AUTORELEASING = YES;
				CLANG_WARN_BOOL_CONVERSION = YES;
				CLANG_WARN_COMMA = YES;
				CLANG_WARN_CONSTANT_CONVERSION = YES;
				CLANG_WARN_DEPRECATED_OBJC_IMPLEMENTATIONS = YES;
				CLANG_WARN_DIRECT_OBJC_ISA_USAGE = YES_ERROR;
				CLANG_WARN_DOCUMENTATION_COMMENTS = YES;
				CLANG_WARN_EMPTY_BODY = YES;
				CLANG_WARN_ENUM_CONVERSION = YES;
				CLANG_WARN_INFINITE_RECURSION = YES;
				CLANG_WARN_INT_CONVERSION = YES;
				CLANG_WARN_NON_LITERAL_NULL_CONVERSION = YES;
				CLANG_WARN_OBJC_IMPLICIT_RETAIN_SELF = YES;
				CLANG_WARN_OBJC_LITERAL_CONVERSION = YES;
				CLANG_WARN_OBJC_ROOT_CLASS = YES_ERROR;
				CLANG_WARN_QUOTED_INCLUDE_IN_FRAMEWORK_HEADER = YES;
				CLANG_WARN_RANGE_LOOP_ANALYSIS = YES;
				CLANG_WARN_STRICT_PROTOTYPES = YES;
				CLANG_WARN_SUSPICIOUS_MOVE = YES;
				CLANG_WARN_UNGUARDED_AVAILABILITY = YES_AGGRESSIVE;
				CLANG_WARN_UNREACHABLE_CODE = YES;
				CLANG_WARN__DUPLICATE_METHOD_MATCH = YES;
				COPY_PHASE_STRIP = NO;
				DEBUG_INFORMATION_FORMAT = dwarf;
				DEVELOPMENT_TEAM = XGR4L2TKWW;
				ENABLE_STRICT_OBJC_MSGSEND = YES;
				ENABLE_TESTABILITY = YES;
				ENABLE_USER_SCRIPT_SANDBOXING = YES;
				GCC_C_LANGUAGE_STANDARD = gnu17;
				GCC_DYNAMIC_NO_PIC = NO;
				GCC_NO_COMMON_BLOCKS = YES;
				GCC_OPTIMIZATION_LEVEL = 0;
				GCC_PREPROCESSOR_DEFINITIONS = (
					"DEBUG=1",
					"$(inherited)",
				);
				GCC_WARN_64_TO_32_BIT_CONVERSION = YES;
				GCC_WARN_ABOUT_RETURN_TYPE = YES_ERROR;
				GCC_WARN_UNDECLARED_SELECTOR = YES;
				GCC_WARN_UNINITIALIZED_AUTOS = YES_AGGRESSIVE;
				GCC_WARN_UNUSED_FUNCTION = YES;
				GCC_WARN_UNUSED_VARIABLE = YES;
				LOCALIZATION_PREFERS_STRING_CATALOGS = YES;
				MACOSX_DEPLOYMENT_TARGET = 14.0;
				MTL_ENABLE_DEBUG_INFO = INCLUDE_SOURCE;
				MTL_FAST_MATH = YES;
				ONLY_ACTIVE_ARCH = YES;
				SDKROOT = macosx;
				SWIFT_ACTIVE_COMPILATION_CONDITIONS = "DEBUG $(inherited)";
				SWIFT_OPTIMIZATION_LEVEL = "-Onone";
			};
			name = Debug;
		};
		7979CBD72FFA525200EA0CD5 /* Release */ = {
			isa = XCBuildConfiguration;
			buildSettings = {
				ALWAYS_SEARCH_USER_PATHS = NO;
				ASSETCATALOG_COMPILER_GENERATE_SWIFT_ASSET_SYMBOL_EXTENSIONS = YES;
				CLANG_ANALYZER_NONNULL = YES;
				CLANG_ANALYZER_NUMBER_OBJECT_CONVERSION = YES_AGGRESSIVE;
				CLANG_CXX_LANGUAGE_STANDARD = "gnu++20";
				CLANG_ENABLE_MODULES = YES;
				CLANG_ENABLE_OBJC_ARC = YES;
				CLANG_ENABLE_OBJC_WEAK = YES;
				CLANG_WARN_BLOCK_CAPTURE_AUTORELEASING = YES;
				CLANG_WARN_BOOL_CONVERSION = YES;
				CLANG_WARN_COMMA = YES;
				CLANG_WARN_CONSTANT_CONVERSION = YES;
				CLANG_WARN_DEPRECATED_OBJC_IMPLEMENTATIONS = YES;
				CLANG_WARN_DIRECT_OBJC_ISA_USAGE = YES_ERROR;
				CLANG_WARN_DOCUMENTATION_COMMENTS = YES;
				CLANG_WARN_EMPTY_BODY = YES;
				CLANG_WARN_ENUM_CONVERSION = YES;
				CLANG_WARN_INFINITE_RECURSION = YES;
				CLANG_WARN_INT_CONVERSION = YES;
				CLANG_WARN_NON_LITERAL_NULL_CONVERSION = YES;
				CLANG_WARN_OBJC_IMPLICIT_RETAIN_SELF = YES;
				CLANG_WARN_OBJC_LITERAL_CONVERSION = YES;
				CLANG_WARN_OBJC_ROOT_CLASS = YES_ERROR;
				CLANG_WARN_QUOTED_INCLUDE_IN_FRAMEWORK_HEADER = YES;
				CLANG_WARN_RANGE_LOOP_ANALYSIS = YES;
				CLANG_WARN_STRICT_PROTOTYPES = YES;
				CLANG_WARN_SUSPICIOUS_MOVE = YES;
				CLANG_WARN_UNGUARDED_AVAILABILITY = YES_AGGRESSIVE;
				CLANG_WARN_UNREACHABLE_CODE = YES;
				CLANG_WARN__DUPLICATE_METHOD_MATCH = YES;
				COPY_PHASE_STRIP = NO;
				DEBUG_INFORMATION_FORMAT = "dwarf-with-dsym";
				DEVELOPMENT_TEAM = XGR4L2TKWW;
				ENABLE_NS_ASSERTIONS = NO;
				ENABLE_STRICT_OBJC_MSGSEND = YES;
				ENABLE_USER_SCRIPT_SANDBOXING = YES;
				GCC_C_LANGUAGE_STANDARD = gnu17;
				GCC_NO_COMMON_BLOCKS = YES;
				GCC_WARN_64_TO_32_BIT_CONVERSION = YES;
				GCC_WARN_ABOUT_RETURN_TYPE = YES_ERROR;
				GCC_WARN_UNDECLARED_SELECTOR = YES;
				GCC_WARN_UNINITIALIZED_AUTOS = YES_AGGRESSIVE;
				GCC_WARN_UNUSED_FUNCTION = YES;
				GCC_WARN_UNUSED_VARIABLE = YES;
				LOCALIZATION_PREFERS_STRING_CATALOGS = YES;
				MACOSX_DEPLOYMENT_TARGET = 14.0;
				MTL_ENABLE_DEBUG_INFO = NO;
				MTL_FAST_MATH = YES;
				SDKROOT = macosx;
				SWIFT_COMPILATION_MODE = wholemodule;
			};
			name = Release;
		};
		7979CBD92FFA525200EA0CD5 /* Debug */ = {
			isa = XCBuildConfiguration;
			buildSettings = {
				ASSETCATALOG_COMPILER_APPICON_NAME = AppIcon;
				ASSETCATALOG_COMPILER_GLOBAL_ACCENT_COLOR_NAME = AccentColor;
				CODE_SIGN_STYLE = Automatic;
				COMBINE_HIDPI_IMAGES = YES;
				CURRENT_PROJECT_VERSION = 1;
				DEVELOPMENT_TEAM = XGR4L2TKWW;
				ENABLE_APP_SANDBOX = YES;
				ENABLE_HARDENED_RUNTIME = YES;
				ENABLE_PREVIEWS = YES;
				ENABLE_USER_SELECTED_FILES = readonly;
				GENERATE_INFOPLIST_FILE = YES;
				INFOPLIST_FILE = Info.plist;
				INFOPLIST_KEY_NSHumanReadableCopyright = "";
				LD_RUNPATH_SEARCH_PATHS = (
					"$(inherited)",
					"@executable_path/../Frameworks",
				);
				MARKETING_VERSION = 1.2.0;
				PRODUCT_BUNDLE_IDENTIFIER = info.cheebow.WaveScope;
				PRODUCT_NAME = "$(TARGET_NAME)";
				REGISTER_APP_GROUPS = YES;
				STRING_CATALOG_GENERATE_SYMBOLS = YES;
				SWIFT_APPROACHABLE_CONCURRENCY = YES;
				SWIFT_DEFAULT_ACTOR_ISOLATION = MainActor;
				SWIFT_EMIT_LOC_STRINGS = YES;
				SWIFT_UPCOMING_FEATURE_MEMBER_IMPORT_VISIBILITY = YES;
				SWIFT_VERSION = 5.0;
			};
			name = Debug;
		};
		7979CBDA2FFA525200EA0CD5 /* Release */ = {
			isa = XCBuildConfiguration;
			buildSettings = {
				ASSETCATALOG_COMPILER_APPICON_NAME = AppIcon;
				ASSETCATALOG_COMPILER_GLOBAL_ACCENT_COLOR_NAME = AccentColor;
				CODE_SIGN_STYLE = Automatic;
				COMBINE_HIDPI_IMAGES = YES;
				CURRENT_PROJECT_VERSION = 1;
				DEVELOPMENT_TEAM = XGR4L2TKWW;
				ENABLE_APP_SANDBOX = YES;
				ENABLE_HARDENED_RUNTIME = YES;
				ENABLE_PREVIEWS = YES;
				ENABLE_USER_SELECTED_FILES = readonly;
				GENERATE_INFOPLIST_FILE = YES;
				INFOPLIST_FILE = Info.plist;
				INFOPLIST_KEY_NSHumanReadableCopyright = "";
				LD_RUNPATH_SEARCH_PATHS = (
					"$(inherited)",
					"@executable_path/../Frameworks",
				);
				MARKETING_VERSION = 1.2.0;
				PRODUCT_BUNDLE_IDENTIFIER = info.cheebow.WaveScope;
				PRODUCT_NAME = "$(TARGET_NAME)";
				REGISTER_APP_GROUPS = YES;
				STRING_CATALOG_GENERATE_SYMBOLS = YES;
				SWIFT_APPROACHABLE_CONCURRENCY = YES;
				SWIFT_DEFAULT_ACTOR_ISOLATION = MainActor;
				SWIFT_EMIT_LOC_STRINGS = YES;
				SWIFT_UPCOMING_FEATURE_MEMBER_IMPORT_VISIBILITY = YES;
				SWIFT_VERSION = 5.0;
			};
			name = Release;
		};
		7979CBDC2FFA525200EA0CD5 /* Debug */ = {
			isa = XCBuildConfiguration;
			buildSettings = {
				BUNDLE_LOADER = "$(TEST_HOST)";
				CODE_SIGN_STYLE = Automatic;
				CURRENT_PROJECT_VERSION = 1;
				DEVELOPMENT_TEAM = XGR4L2TKWW;
				GENERATE_INFOPLIST_FILE = YES;
				MACOSX_DEPLOYMENT_TARGET = 14.0;
				MARKETING_VERSION = 1.2.0;
				PRODUCT_BUNDLE_IDENTIFIER = info.cheebow.WaveScopeTests;
				PRODUCT_NAME = "$(TARGET_NAME)";
				STRING_CATALOG_GENERATE_SYMBOLS = NO;
				SWIFT_APPROACHABLE_CONCURRENCY = YES;
				SWIFT_EMIT_LOC_STRINGS = NO;
				SWIFT_UPCOMING_FEATURE_MEMBER_IMPORT_VISIBILITY = YES;
				SWIFT_VERSION = 5.0;
				TEST_HOST = "$(BUILT_PRODUCTS_DIR)/WaveScope.app/$(BUNDLE_EXECUTABLE_FOLDER_PATH)/WaveScope";
			};
			name = Debug;
		};
		7979CBDD2FFA525200EA0CD5 /* Release */ = {
			isa = XCBuildConfiguration;
			buildSettings = {
				BUNDLE_LOADER = "$(TEST_HOST)";
				CODE_SIGN_STYLE = Automatic;
				CURRENT_PROJECT_VERSION = 1;
				DEVELOPMENT_TEAM = XGR4L2TKWW;
				GENERATE_INFOPLIST_FILE = YES;
				MACOSX_DEPLOYMENT_TARGET = 14.0;
				MARKETING_VERSION = 1.2.0;
				PRODUCT_BUNDLE_IDENTIFIER = info.cheebow.WaveScopeTests;
				PRODUCT_NAME = "$(TARGET_NAME)";
				STRING_CATALOG_GENERATE_SYMBOLS = NO;
				SWIFT_APPROACHABLE_CONCURRENCY = YES;
				SWIFT_EMIT_LOC_STRINGS = NO;
				SWIFT_UPCOMING_FEATURE_MEMBER_IMPORT_VISIBILITY = YES;
				SWIFT_VERSION = 5.0;
				TEST_HOST = "$(BUILT_PRODUCTS_DIR)/WaveScope.app/$(BUNDLE_EXECUTABLE_FOLDER_PATH)/WaveScope";
			};
			name = Release;
		};
		7979CBDF2FFA525200EA0CD5 /* Debug */ = {
			isa = XCBuildConfiguration;
			buildSettings = {
				CODE_SIGN_STYLE = Automatic;
				CURRENT_PROJECT_VERSION = 1;
				DEVELOPMENT_TEAM = XGR4L2TKWW;
				GENERATE_INFOPLIST_FILE = YES;
				MARKETING_VERSION = 1.2.0;
				PRODUCT_BUNDLE_IDENTIFIER = info.cheebow.WaveScopeUITests;
				PRODUCT_NAME = "$(TARGET_NAME)";
				STRING_CATALOG_GENERATE_SYMBOLS = NO;
				SWIFT_APPROACHABLE_CONCURRENCY = YES;
				SWIFT_EMIT_LOC_STRINGS = NO;
				SWIFT_UPCOMING_FEATURE_MEMBER_IMPORT_VISIBILITY = YES;
				SWIFT_VERSION = 5.0;
				TEST_TARGET_NAME = WaveScope;
			};
			name = Debug;
		};
		7979CBE02FFA525200EA0CD5 /* Release */ = {
			isa = XCBuildConfiguration;
			buildSettings = {
				CODE_SIGN_STYLE = Automatic;
				CURRENT_PROJECT_VERSION = 1;
				DEVELOPMENT_TEAM = XGR4L2TKWW;
				GENERATE_INFOPLIST_FILE = YES;
				MARKETING_VERSION = 1.2.0;
				PRODUCT_BUNDLE_IDENTIFIER = info.cheebow.WaveScopeUITests;
				PRODUCT_NAME = "$(TARGET_NAME)";
				STRING_CATALOG_GENERATE_SYMBOLS = NO;
				SWIFT_APPROACHABLE_CONCURRENCY = YES;
				SWIFT_EMIT_LOC_STRINGS = NO;
				SWIFT_UPCOMING_FEATURE_MEMBER_IMPORT_VISIBILITY = YES;
				SWIFT_VERSION = 5.0;
				TEST_TARGET_NAME = WaveScope;
			};
			name = Release;
		};
/* End XCBuildConfiguration section */

/* Begin XCConfigurationList section */
		7979CBB22FFA525000EA0CD5 /* Build configuration list for PBXProject "WaveScope" */ = {
			isa = XCConfigurationList;
			buildConfigurations = (
				7979CBD62FFA525200EA0CD5 /* Debug */,
				7979CBD72FFA525200EA0CD5 /* Release */,
			);
			defaultConfigurationIsVisible = 0;
			defaultConfigurationName = Release;
		};
		7979CBD82FFA525200EA0CD5 /* Build configuration list for PBXNativeTarget "WaveScope" */ = {
			isa = XCConfigurationList;
			buildConfigurations = (
				7979CBD92FFA525200EA0CD5 /* Debug */,
				7979CBDA2FFA525200EA0CD5 /* Release */,
			);
			defaultConfigurationIsVisible = 0;
			defaultConfigurationName = Release;
		};
		7979CBDB2FFA525200EA0CD5 /* Build configuration list for PBXNativeTarget "WaveScopeTests" */ = {
			isa = XCConfigurationList;
			buildConfigurations = (
				7979CBDC2FFA525200EA0CD5 /* Debug */,
				7979CBDD2FFA525200EA0CD5 /* Release */,
			);
			defaultConfigurationIsVisible = 0;
			defaultConfigurationName = Release;
		};
		7979CBDE2FFA525200EA0CD5 /* Build configuration list for PBXNativeTarget "WaveScopeUITests" */ = {
			isa = XCConfigurationList;
			buildConfigurations = (
				7979CBDF2FFA525200EA0CD5 /* Debug */,
				7979CBE02FFA525200EA0CD5 /* Release */,
			);
			defaultConfigurationIsVisible = 0;
			defaultConfigurationName = Release;
		};
/* End XCConfigurationList section */
	};
	rootObject = 7979CBAF2FFA525000EA0CD5 /* Project object */;
}
